// !$*UTF8*$!
{
	archiveVersion = 1;
	classes = {
	};
	objectVersion = 50;
	objects = {

/* Begin PBXBuildFile section */
		682823AA26667FCB00BC7E7A /* AppDelegate.swift in Sources */ = {isa = PBXBuildFile; fileRef = 682823A926667FCB00BC7E7A /* AppDelegate.swift */; };
		682823AC26667FCB00BC7E7A /* SceneDelegate.swift in Sources */ = {isa = PBXBuildFile; fileRef = 682823AB26667FCB00BC7E7A /* SceneDelegate.swift */; };
		682823AE26667FCB00BC7E7A /* UserViewController.swift in Sources */ = {isa = PBXBuildFile; fileRef = 682823AD26667FCB00BC7E7A /* UserViewController.swift */; };
		682823B126667FCB00BC7E7A /* Main.storyboard in Resources */ = {isa = PBXBuildFile; fileRef = 682823AF26667FCB00BC7E7A /* Main.storyboard */; };
		682823B426667FCB00BC7E7A /* Assignment_API_Sqlite.xcdatamodeld in Sources */ = {isa = PBXBuildFile; fileRef = 682823B226667FCB00BC7E7A /* Assignment_API_Sqlite.xcdatamodeld */; };
		682823B626667FD300BC7E7A /* Assets.xcassets in Resources */ = {isa = PBXBuildFile; fileRef = 682823B526667FD300BC7E7A /* Assets.xcassets */; };
		682823B926667FD300BC7E7A /* LaunchScreen.storyboard in Resources */ = {isa = PBXBuildFile; fileRef = 682823B726667FD300BC7E7A /* LaunchScreen.storyboard */; };
		682823C12666804E00BC7E7A /* NetworkManager.swift in Sources */ = {isa = PBXBuildFile; fileRef = 682823C02666804E00BC7E7A /* NetworkManager.swift */; };
		682823C42666807200BC7E7A /* DBHelper.swift in Sources */ = {isa = PBXBuildFile; fileRef = 682823C32666807200BC7E7A /* DBHelper.swift */; };
		682823C8266680B600BC7E7A /* User.swift in Sources */ = {isa = PBXBuildFile; fileRef = 682823C7266680B600BC7E7A /* User.swift */; };
		6830304C2666AFC400087F5A /* UserCollectionViewCell.swift in Sources */ = {isa = PBXBuildFile; fileRef = 6830304B2666AFC400087F5A /* UserCollectionViewCell.swift */; };
		6830304E2666B13000087F5A /* UserDetailViewController.swift in Sources */ = {isa = PBXBuildFile; fileRef = 6830304D2666B13000087F5A /* UserDetailViewController.swift */; };
/* End PBXBuildFile section */

/* Begin PBXFileReference section */
		682823A626667FCB00BC7E7A /* Assignment_API_Sqlite.app */ = {isa = PBXFileReference; explicitFileType = wrapper.application; includeInIndex = 0; path = Assignment_API_Sqlite.app; sourceTree = BUILT_PRODUCTS_DIR; };
		682823A926667FCB00BC7E7A /* AppDelegate.swift */ = {isa = PBXFileReference; lastKnownFileType = sourcecode.swift; path = AppDelegate.swift; sourceTree = "<group>"; };
		682823AB26667FCB00BC7E7A /* SceneDelegate.swift */ = {isa = PBXFileReference; lastKnownFileType = sourcecode.swift; path = SceneDelegate.swift; sourceTree = "<group>"; };
		682823AD26667FCB00BC7E7A /* UserViewController.swift */ = {isa = PBXFileReference; lastKnownFileType = sourcecode.swift; path = UserViewController.swift; sourceTree = "<group>"; };
		682823B026667FCB00BC7E7A /* Base */ = {isa = PBXFileReference; lastKnownFileType = file.storyboard; name = Base; path = Base.lproj/Main.storyboard; sourceTree = "<group>"; };
		682823B326667FCB00BC7E7A /* Assignment_API_Sqlite.xcdatamodel */ = {isa = PBXFileReference; lastKnownFileType = wrapper.xcdatamodel; path = Assignment_API_Sqlite.xcdatamodel; sourceTree = "<group>"; };
		682823B526667FD300BC7E7A /* Assets.xcassets */ = {isa = PBXFileReference; lastKnownFileType = folder.assetcatalog; path = Assets.xcassets; sourceTree = "<group>"; };
		682823B826667FD300BC7E7A /* Base */ = {isa = PBXFileReference; lastKnownFileType = file.storyboard; name = Base; path = Base.lproj/LaunchScreen.storyboard; sourceTree = "<group>"; };
		682823BA26667FD300BC7E7A /* Info.plist */ = {isa = PBXFileReference; lastKnownFileType = text.plist.xml; path = Info.plist; sourceTree = "<group>"; };
		682823C02666804E00BC7E7A /* NetworkManager.swift */ = {isa = PBXFileReference; lastKnownFileType = sourcecode.swift; path = NetworkManager.swift; sourceTree = "<group>"; };
		682823C32666807200BC7E7A /* DBHelper.swift */ = {isa = PBXFileReference; lastKnownFileType = sourcecode.swift; path = DBHelper.swift; sourceTree = "<group>"; };
		682823C7266680B600BC7E7A /* User.swift */ = {isa = PBXFileReference; lastKnownFileType = sourcecode.swift; path = User.swift; sourceTree = "<group>"; };
		6830304B2666AFC400087F5A /* UserCollectionViewCell.swift */ = {isa = PBXFileReference; lastKnownFileType = sourcecode.swift; path = UserCollectionViewCell.swift; sourceTree = "<group>"; };
		6830304D2666B13000087F5A /* UserDetailViewController.swift */ = {isa = PBXFileReference; lastKnownFileType = sourcecode.swift; path = UserDetailViewController.swift; sourceTree = "<group>"; };
/* End PBXFileReference section */

/* Begin PBXFrameworksBuildPhase section */
		682823A326667FCB00BC7E7A /* Frameworks */ = {
			isa = PBXFrameworksBuildPhase;
			buildActionMask = 2147483647;
			files = (
			);
			runOnlyForDeploymentPostprocessing = 0;
		};
/* End PBXFrameworksBuildPhase section */

/* Begin PBXGroup section */
		6828239D26667FCB00BC7E7A = {
			isa = PBXGroup;
			children = (
				682823A826667FCB00BC7E7A /* Assignment_API_Sqlite */,
				682823A726667FCB00BC7E7A /* Products */,
			);
			sourceTree = "<group>";
		};
		682823A726667FCB00BC7E7A /* Products */ = {
			isa = PBXGroup;
			children = (
				682823A626667FCB00BC7E7A /* Assignment_API_Sqlite.app */,
			);
			name = Products;
			sourceTree = "<group>";
		};
		682823A826667FCB00BC7E7A /* Assignment_API_Sqlite */ = {
			isa = PBXGroup;
			children = (
				682823C62666808600BC7E7A /* Controller */,
				682823C52666807800BC7E7A /* View */,
				682823C22666805B00BC7E7A /* Modal */,
				682823A926667FCB00BC7E7A /* AppDelegate.swift */,
				682823AB26667FCB00BC7E7A /* SceneDelegate.swift */,
				682823B526667FD300BC7E7A /* Assets.xcassets */,
				682823BA26667FD300BC7E7A /* Info.plist */,
				682823B226667FCB00BC7E7A /* Assignment_API_Sqlite.xcdatamodeld */,
			);
			path = Assignment_API_Sqlite;
			sourceTree = "<group>";
		};
		682823C22666805B00BC7E7A /* Modal */ = {
			isa = PBXGroup;
			children = (
				682823C02666804E00BC7E7A /* NetworkManager.swift */,
				682823C32666807200BC7E7A /* DBHelper.swift */,
				682823C7266680B600BC7E7A /* User.swift */,
			);
			path = Modal;
			sourceTree = "<group>";
		};
		682823C52666807800BC7E7A /* View */ = {
			isa = PBXGroup;
			children = (
				682823AF26667FCB00BC7E7A /* Main.storyboard */,
				682823B726667FD300BC7E7A /* LaunchScreen.storyboard */,
			);
			path = View;
			sourceTree = "<group>";
		};
		682823C62666808600BC7E7A /* Controller */ = {
			isa = PBXGroup;
			children = (
				682823AD26667FCB00BC7E7A /* UserViewController.swift */,
				6830304B2666AFC400087F5A /* UserCollectionViewCell.swift */,
				6830304D2666B13000087F5A /* UserDetailViewController.swift */,
			);
			path = Controller;
			sourceTree = "<group>";
		};
/* End PBXGroup section */

/* Begin PBXNativeTarget section */
		682823A526667FCB00BC7E7A /* Assignment_API_Sqlite */ = {
			isa = PBXNativeTarget;
			buildConfigurationList = 682823BD26667FD300BC7E7A /* Build configuration list for PBXNativeTarget "Assignment_API_Sqlite" */;
			buildPhases = (
				682823A226667FCB00BC7E7A /* Sources */,
				682823A326667FCB00BC7E7A /* Frameworks */,
				682823A426667FCB00BC7E7A /* Resources */,
			);
			buildRules = (
			);
			dependencies = (
			);
			name = Assignment_API_Sqlite;
			productName = Assignment_API_Sqlite;
			productReference = 682823A626667FCB00BC7E7A /* Assignment_API_Sqlite.app */;
			productType = "com.apple.product-type.application";
		};
/* End PBXNativeTarget section */

/* Begin PBXProject section */
		6828239E26667FCB00BC7E7A /* Project object */ = {
			isa = PBXProject;
			attributes = {
				LastSwiftUpdateCheck = 1130;
				LastUpgradeCheck = 1130;
				ORGANIZATIONNAME = Mirajkar;
				TargetAttributes = {
					682823A526667FCB00BC7E7A = {
						CreatedOnToolsVersion = 11.3.1;
					};
				};
			};
			buildConfigurationList = 682823A126667FCB00BC7E7A /* Build configuration list for PBXProject "Assignment_API_Sqlite" */;
			compatibilityVersion = "Xcode 9.3";
			developmentRegion = en;
			hasScannedForEncodings = 0;
			knownRegions = (
				en,
				Base,
			);
			mainGroup = 6828239D26667FCB00BC7E7A;
			productRefGroup = 682823A726667FCB00BC7E7A /* Products */;
			projectDirPath = "";
			projectRoot = "";
			targets = (
				682823A526667FCB00BC7E7A /* Assignment_API_Sqlite */,
			);
		};
/* End PBXProject section */

/* Begin PBXResourcesBuildPhase section */
		682823A426667FCB00BC7E7A /* Resources */ = {
			isa = PBXResourcesBuildPhase;
			buildActionMask = 2147483647;
			files = (
				682823B926667FD300BC7E7A /* LaunchScreen.storyboard in Resources */,
				682823B626667FD300BC7E7A /* Assets.xcassets in Resources */,
				682823B126667FCB00BC7E7A /* Main.storyboard in Resources */,
			);
			runOnlyForDeploymentPostprocessing = 0;
		};
/* End PBXResourcesBuildPhase section */

/* Begin PBXSourcesBuildPhase section */
		682823A226667FCB00BC7E7A /* Sources */ = {
			isa = PBXSourcesBuildPhase;
			buildActionMask = 2147483647;
			files = (
				682823AE26667FCB00BC7E7A /* UserViewController.swift in Sources */,
				682823C42666807200BC7E7A /* DBHelper.swift in Sources */,
				6830304E2666B13000087F5A /* UserDetailViewController.swift in Sources */,
				682823B426667FCB00BC7E7A /* Assignment_API_Sqlite.xcdatamodeld in Sources */,
				682823C12666804E00BC7E7A /* NetworkManager.swift in Sources */,
				682823AA26667FCB00BC7E7A /* AppDelegate.swift in Sources */,
				6830304C2666AFC400087F5A /* UserCollectionViewCell.swift in Sources */,
				682823AC26667FCB00BC7E7A /* SceneDelegate.swift in Sources */,
				682823C8266680B600BC7E7A /* User.swift in Sources */,
			);
			runOnlyForDeploymentPostprocessing = 0;
		};
/* End PBXSourcesBuildPhase section */

/* Begin PBXVariantGroup section */
		682823AF26667FCB00BC7E7A /* Main.storyboard */ = {
			isa = PBXVariantGroup;
			children = (
				682823B026667FCB00BC7E7A /* Base */,
			);
			name = Main.storyboard;
			sourceTree = "<group>";
		};
		682823B726667FD300BC7E7A /* LaunchScreen.storyboard */ = {
			isa = PBXVariantGroup;
			children = (
				682823B826667FD300BC7E7A /* Base */,
			);
			name = LaunchScreen.storyboard;
			sourceTree = "<group>";
		};
/* End PBXVariantGroup section */

/* Begin XCBuildConfiguration section */
		682823BB26667FD300BC7E7A /* Debug */ = {
			isa = XCBuildConfiguration;
			buildSettings = {
				ALWAYS_SEARCH_USER_PATHS = NO;
				CLANG_ANALYZER_NONNULL = YES;
				CLANG_ANALYZER_NUMBER_OBJECT_CONVERSION = YES_AGGRESSIVE;
				CLANG_CXX_LANGUAGE_STANDARD = "gnu++14";
				CLANG_CXX_LIBRARY = "libc++";
				CLANG_ENABLE_MODULES = YES;
				CLANG_ENABLE_OBJC_ARC = YES;
				CLANG_ENABLE_OBJC_WEAK = YES;
				CLANG_WARN_BLOCK_CAPTURE_AUTORELEASING = YES;
				CLANG_WARN_BOOL_CONVERSION = YES;
				CLANG_WARN_COMMA = YES;
				CLANG_WARN_CONSTANT_CONVERSION = YES;
				CLANG_WARN_DEPRECATED_OBJC_IMPLEMENTATIONS = YES;
				CLANG_WARN_DIRECT_OBJC_ISA_USAGE = YES_ERROR;
				CLANG_WARN_DOCUMENTATION_COMMENTS = YES;
				CLANG_WARN_EMPTY_BODY = YES;
				CLANG_WARN_ENUM_CONVERSION = YES;
				CLANG_WARN_INFINITE_RECURSION = YES;
				CLANG_WARN_INT_CONVERSION = YES;
				CLANG_WARN_NON_LITERAL_NULL_CONVERSION = YES;
				CLANG_WARN_OBJC_IMPLICIT_RETAIN_SELF = YES;
				CLANG_WARN_OBJC_LITERAL_CONVERSION = YES;
				CLANG_WARN_OBJC_ROOT_CLASS = YES_ERROR;
				CLANG_WARN_RANGE_LOOP_ANALYSIS = YES;
				CLANG_WARN_STRICT_PROTOTYPES = YES;
				CLANG_WARN_SUSPICIOUS_MOVE = YES;
				CLANG_WARN_UNGUARDED_AVAILABILITY = YES_AGGRESSIVE;
				CLANG_WARN_UNREACHABLE_CODE = YES;
				CLANG_WARN__DUPLICATE_METHOD_MATCH = YES;
				COPY_PHASE_STRIP = NO;
				DEBUG_INFORMATION_FORMAT = dwarf;
				ENABLE_STRICT_OBJC_MSGSEND = YES;
				ENABLE_TESTABILITY = YES;
				GCC_C_LANGUAGE_STANDARD = gnu11;
				GCC_DYNAMIC_NO_PIC = NO;
				GCC_NO_COMMON_BLOCKS = YES;
				GCC_OPTIMIZATION_LEVEL = 0;
				GCC_PREPROCESSOR_DEFINITIONS = (
					"DEBUG=1",
					"$(inherited)",
				);
				GCC_WARN_64_TO_32_BIT_CONVERSION = YES;
				GCC_WARN_ABOUT_RETURN_TYPE = YES_ERROR;
				GCC_WARN_UNDECLARED_SELECTOR = YES;
				GCC_WARN_UNINITIALIZED_AUTOS = YES_AGGRESSIVE;
				GCC_WARN_UNUSED_FUNCTION = YES;
				GCC_WARN_UNUSED_VARIABLE = YES;
				IPHONEOS_DEPLOYMENT_TARGET = 13.2;
				MTL_ENABLE_DEBUG_INFO = INCLUDE_SOURCE;
				MTL_FAST_MATH = YES;
				ONLY_ACTIVE_ARCH = YES;
				SDKROOT = iphoneos;
				SWIFT_ACTIVE_COMPILATION_CONDITIONS = DEBUG;
				SWIFT_OPTIMIZATION_LEVEL = "-Onone";
			};
			name = Debug;
		};
		682823BC26667FD300BC7E7A /* Release */ = {
			isa = XCBuildConfiguration;
			buildSettings = {
				ALWAYS_SEARCH_USER_PATHS = NO;
				CLANG_ANALYZER_NONNULL = YES;
				CLANG_ANALYZER_NUMBER_OBJECT_CONVERSION = YES_AGGRESSIVE;
				CLANG_CXX_LANGUAGE_STANDARD = "gnu++14";
				CLANG_CXX_LIBRARY = "libc++";
				CLANG_ENABLE_MODULES = YES;
				CLANG_ENABLE_OBJC_ARC = YES;
				CLANG_ENABLE_OBJC_WEAK = YES;
				CLANG_WARN_BLOCK_CAPTURE_AUTORELEASING = YES;
				CLANG_WARN_BOOL_CONVERSION = YES;
				CLANG_WARN_COMMA = YES;
				CLANG_WARN_CONSTANT_CONVERSION = YES;
				CLANG_WARN_DEPRECATED_OBJC_IMPLEMENTATIONS = YES;
				CLANG_WARN_DIRECT_OBJC_ISA_USAGE = YES_ERROR;
				CLANG_WARN_DOCUMENTATION_COMMENTS = YES;
				CLANG_WARN_EMPTY_BODY = YES;
				CLANG_WARN_ENUM_CONVERSION = YES;
				CLANG_WARN_INFINITE_RECURSION = YES;
				CLANG_WARN_INT_CONVERSION = YES;
				CLANG_WARN_NON_LITERAL_NULL_CONVERSION = YES;
				CLANG_WARN_OBJC_IMPLICIT_RETAIN_SELF = YES;
				CLANG_WARN_OBJC_LITERAL_CONVERSION = YES;
				CLANG_WARN_OBJC_ROOT_CLASS = YES_ERROR;
				CLANG_WARN_RANGE_LOOP_ANALYSIS = YES;
				CLANG_WARN_STRICT_PROTOTYPES = YES;
				CLANG_WARN_SUSPICIOUS_MOVE = YES;
				CLANG_WARN_UNGUARDED_AVAILABILITY = YES_AGGRESSIVE;
				CLANG_WARN_UNREACHABLE_CODE = YES;
				CLANG_WARN__DUPLICATE_METHOD_MATCH = YES;
				COPY_PHASE_STRIP = NO;
				DEBUG_INFORMATION_FORMAT = "dwarf-with-dsym";
				ENABLE_NS_ASSERTIONS = NO;
				ENABLE_STRICT_OBJC_MSGSEND = YES;
				GCC_C_LANGUAGE_STANDARD = gnu11;
				GCC_NO_COMMON_BLOCKS = YES;
				GCC_WARN_64_TO_32_BIT_CONVERSION = YES;
				GCC_WARN_ABOUT_RETURN_TYPE = YES_ERROR;
				GCC_WARN_UNDECLARED_SELECTOR = YES;
				GCC_WARN_UNINITIALIZED_AUTOS = YES_AGGRESSIVE;
				GCC_WARN_UNUSED_FUNCTION = YES;
				GCC_WARN_UNUSED_VARIABLE = YES;
				IPHONEOS_DEPLOYMENT_TARGET = 13.2;
				MTL_ENABLE_DEBUG_INFO = NO;
				MTL_FAST_MATH = YES;
				SDKROOT = iphoneos;
				SWIFT_COMPILATION_MODE = wholemodule;
				SWIFT_OPTIMIZATION_LEVEL = "-O";
				VALIDATE_PRODUCT = YES;
			};
			name = Release;
		};
		682823BE26667FD300BC7E7A /* Debug */ = {
			isa = XCBuildConfiguration;
			buildSettings = {
				ASSETCATALOG_COMPILER_APPICON_NAME = AppIcon;
				CODE_SIGN_STYLE = Automatic;
				INFOPLIST_FILE = Assignment_API_Sqlite/Info.plist;
				LD_RUNPATH_SEARCH_PATHS = (
					"$(inherited)",
					"@executable_path/Frameworks",
				);
				PRODUCT_BUNDLE_IDENTIFIER = "com.suraj.Assignment-API-Sqlite";
				PRODUCT_NAME = "$(TARGET_NAME)";
				SWIFT_VERSION = 5.0;
				TARGETED_DEVICE_FAMILY = "1,2";
			};
			name = Debug;
		};
		682823BF26667FD300BC7E7A /* Release */ = {
			isa = XCBuildConfiguration;
			buildSettings = {
				ASSETCATALOG_COMPILER_APPICON_NAME = AppIcon;
				CODE_SIGN_STYLE = Automatic;
				INFOPLIST_FILE = Assignment_API_Sqlite/Info.plist;
				LD_RUNPATH_SEARCH_PATHS = (
					"$(inherited)",
					"@executable_path/Frameworks",
				);
				PRODUCT_BUNDLE_IDENTIFIER = "com.suraj.Assignment-API-Sqlite";
				PRODUCT_NAME = "$(TARGET_NAME)";
				SWIFT_VERSION = 5.0;
				TARGETED_DEVICE_FAMILY = "1,2";
			};
			name = Release;
		};
/* End XCBuildConfiguration section */

/* Begin XCConfigurationList section */
		682823A126667FCB00BC7E7A /* Build configuration list for PBXProject "Assignment_API_Sqlite" */ = {
			isa = XCConfigurationList;
			buildConfigurations = (
				682823BB26667FD300BC7E7A /* Debug */,
				682823BC26667FD300BC7E7A /* Release */,
			);
			defaultConfigurationIsVisible = 0;
			defaultConfigurationName = Release;
		};
		682823BD26667FD300BC7E7A /* Build configuration list for PBXNativeTarget "Assignment_API_Sqlite" */ = {
			isa = XCConfigurationList;
			buildConfigurations = (
				682823BE26667FD300BC7E7A /* Debug */,
				682823BF26667FD300BC7E7A /* Release */,
			);
			defaultConfigurationIsVisible = 0;
			defaultConfigurationName = Release;
		};
/* End XCConfigurationList section */

/* Begin XCVersionGroup section */
		682823B226667FCB00BC7E7A /* Assignment_API_Sqlite.xcdatamodeld */ = {
			isa = XCVersionGroup;
			children = (
				682823B326667FCB00BC7E7A /* Assignment_API_Sqlite.xcdatamodel */,
			);
			currentVersion = 682823B326667FCB00BC7E7A /* Assignment_API_Sqlite.xcdatamodel */;
			path = Assignment_API_Sqlite.xcdatamodeld;
			sourceTree = "<group>";
			versionGroupType = wrapper.xcdatamodel;
		};
/* End XCVersionGroup section */
	};
	rootObject = 6828239E26667FCB00BC7E7A /* Project object */;
}
